{
  "requires": true,
  "lockfileVersion": 1,
  "dependencies": {
    "@react-navigation/elements": {
      "version": "1.3.1",
      "resolved": "https://registry.npmjs.org/@react-navigation/elements/-/elements-1.3.1.tgz",
      "integrity": "sha512-jIDRJaG8YPIinl4hZXJu/W3TnhDe8hLYmGSEdL1mxZ1aoNMiApCBYkgTy11oq0EfK/koZd3DPSkJNbzBAQmPJw=="
    },
    "@react-navigation/native-stack": {
      "version": "6.5.0",
      "resolved": "https://registry.npmjs.org/@react-navigation/native-stack/-/native-stack-6.5.0.tgz",
      "integrity": "sha512-X2sV+AKkqEl7k0ltjN4lMBfx+FsynrnUWkCTGiROyMRo4yWElK1jY3XSTsj5Cpso2/MUHdf9v/AOw0EgU58FsA==",
      "requires": {
        "@react-navigation/elements": "^1.3.1",
        "warn-once": "^0.1.0"
      }
    },
    "warn-once": {
      "version": "0.1.0",
      "resolved": "https://registry.npmjs.org/warn-once/-/warn-once-0.1.0.tgz",
      "integrity": "sha512-recZTSvuaH/On5ZU5ywq66y99lImWqzP93+AiUo9LUwG8gXHW+LJjhOd6REJHm7qb0niYqrEQJvbHSQfuJtTqA=="
    }
  }
}
